// !$*UTF8*$!
{
	archiveVersion = 1;
	classes = {
	};
	objectVersion = 46;
	objects = {

/* Begin PBXBuildFile section */
		7489E2C11CBE2E3900CB3A5A /* AppDelegate.swift in Sources */ = {isa = PBXBuildFile; fileRef = 7489E2C01CBE2E3900CB3A5A /* AppDelegate.swift */; };
		7489E2C61CBE2E3900CB3A5A /* Main.storyboard in Resources */ = {isa = PBXBuildFile; fileRef = 7489E2C41CBE2E3900CB3A5A /* Main.storyboard */; };
		7489E2C81CBE2E3900CB3A5A /* Assets.xcassets in Resources */ = {isa = PBXBuildFile; fileRef = 7489E2C71CBE2E3900CB3A5A /* Assets.xcassets */; };
		7489E2CB1CBE2E3900CB3A5A /* LaunchScreen.storyboard in Resources */ = {isa = PBXBuildFile; fileRef = 7489E2C91CBE2E3900CB3A5A /* LaunchScreen.storyboard */; };
		7489E2D61CBE2E3A00CB3A5A /* LeetCodeTests.swift in Sources */ = {isa = PBXBuildFile; fileRef = 7489E2D51CBE2E3A00CB3A5A /* LeetCodeTests.swift */; };
		7489E2E11CBE2E3A00CB3A5A /* LeetCodeUITests.swift in Sources */ = {isa = PBXBuildFile; fileRef = 7489E2E01CBE2E3A00CB3A5A /* LeetCodeUITests.swift */; };
		AF3D6737271FCA7000AA6B8B /* niukewang.m in Sources */ = {isa = PBXBuildFile; fileRef = AF3D6736271FCA7000AA6B8B /* niukewang.m */; };
		AFC744EF263A5D3A00C5B96A /* ViewController.swift in Sources */ = {isa = PBXBuildFile; fileRef = AFC744E6263A5D3A00C5B96A /* ViewController.swift */; };
		AFC744F0263A5D3A00C5B96A /* LastOneOmg.swift in Sources */ = {isa = PBXBuildFile; fileRef = AFC744E7263A5D3A00C5B96A /* LastOneOmg.swift */; };
		AFC744F1263A5D3A00C5B96A /* Hundred.swift in Sources */ = {isa = PBXBuildFile; fileRef = AFC744E8263A5D3A00C5B96A /* Hundred.swift */; };
		AFC744F2263A5D3A00C5B96A /* lifeCycle.swift in Sources */ = {isa = PBXBuildFile; fileRef = AFC744E9263A5D3A00C5B96A /* lifeCycle.swift */; };
		AFC744F3263A5D3A00C5B96A /* maybe.swift in Sources */ = {isa = PBXBuildFile; fileRef = AFC744EA263A5D3A00C5B96A /* maybe.swift */; };
		AFC744F4263A5D3A00C5B96A /* Another.swift in Sources */ = {isa = PBXBuildFile; fileRef = AFC744EB263A5D3A00C5B96A /* Another.swift */; };
		AFC744F5263A5D3A00C5B96A /* whatever.swift in Sources */ = {isa = PBXBuildFile; fileRef = AFC744EC263A5D3A00C5B96A /* whatever.swift */; };
		AFC744F6263A5D3A00C5B96A /* 2021Reload.swift in Sources */ = {isa = PBXBuildFile; fileRef = AFC744EE263A5D3A00C5B96A /* 2021Reload.swift */; };
/* End PBXBuildFile section */

/* Begin PBXContainerItemProxy section */
		7489E2D21CBE2E3A00CB3A5A /* PBXContainerItemProxy */ = {
			isa = PBXContainerItemProxy;
			containerPortal = 7489E2B51CBE2E3900CB3A5A /* Project object */;
			proxyType = 1;
			remoteGlobalIDString = 7489E2BC1CBE2E3900CB3A5A;
			remoteInfo = LeetCode;
		};
		7489E2DD1CBE2E3A00CB3A5A /* PBXContainerItemProxy */ = {
			isa = PBXContainerItemProxy;
			containerPortal = 7489E2B51CBE2E3900CB3A5A /* Project object */;
			proxyType = 1;
			remoteGlobalIDString = 7489E2BC1CBE2E3900CB3A5A;
			remoteInfo = LeetCode;
		};
/* End PBXContainerItemProxy section */

/* Begin PBXFileReference section */
		7489E2BD1CBE2E3900CB3A5A /* LeetCode.app */ = {isa = PBXFileReference; explicitFileType = wrapper.application; includeInIndex = 0; path = LeetCode.app; sourceTree = BUILT_PRODUCTS_DIR; };
		7489E2C01CBE2E3900CB3A5A /* AppDelegate.swift */ = {isa = PBXFileReference; lastKnownFileType = sourcecode.swift; path = AppDelegate.swift; sourceTree = "<group>"; };
		7489E2C51CBE2E3900CB3A5A /* Base */ = {isa = PBXFileReference; lastKnownFileType = file.storyboard; name = Base; path = Base.lproj/Main.storyboard; sourceTree = "<group>"; };
		7489E2C71CBE2E3900CB3A5A /* Assets.xcassets */ = {isa = PBXFileReference; lastKnownFileType = folder.assetcatalog; path = Assets.xcassets; sourceTree = "<group>"; };
		7489E2CA1CBE2E3900CB3A5A /* Base */ = {isa = PBXFileReference; lastKnownFileType = file.storyboard; name = Base; path = Base.lproj/LaunchScreen.storyboard; sourceTree = "<group>"; };
		7489E2CC1CBE2E3900CB3A5A /* Info.plist */ = {isa = PBXFileReference; lastKnownFileType = text.plist.xml; path = Info.plist; sourceTree = "<group>"; };
		7489E2D11CBE2E3A00CB3A5A /* LeetCodeTests.xctest */ = {isa = PBXFileReference; explicitFileType = wrapper.cfbundle; includeInIndex = 0; path = LeetCodeTests.xctest; sourceTree = BUILT_PRODUCTS_DIR; };
		7489E2D51CBE2E3A00CB3A5A /* LeetCodeTests.swift */ = {isa = PBXFileReference; lastKnownFileType = sourcecode.swift; path = LeetCodeTests.swift; sourceTree = "<group>"; };
		7489E2D71CBE2E3A00CB3A5A /* Info.plist */ = {isa = PBXFileReference; lastKnownFileType = text.plist.xml; path = Info.plist; sourceTree = "<group>"; };
		7489E2DC1CBE2E3A00CB3A5A /* LeetCodeUITests.xctest */ = {isa = PBXFileReference; explicitFileType = wrapper.cfbundle; includeInIndex = 0; path = LeetCodeUITests.xctest; sourceTree = BUILT_PRODUCTS_DIR; };
		7489E2E01CBE2E3A00CB3A5A /* LeetCodeUITests.swift */ = {isa = PBXFileReference; lastKnownFileType = sourcecode.swift; path = LeetCodeUITests.swift; sourceTree = "<group>"; };
		7489E2E21CBE2E3A00CB3A5A /* Info.plist */ = {isa = PBXFileReference; lastKnownFileType = text.plist.xml; path = Info.plist; sourceTree = "<group>"; };
		AF3D6734271FCA6C00AA6B8B /* LeetCode-Bridging-Header.h */ = {isa = PBXFileReference; lastKnownFileType = sourcecode.c.h; path = "LeetCode-Bridging-Header.h"; sourceTree = "<group>"; };
		AF3D6735271FCA7000AA6B8B /* niukewang.h */ = {isa = PBXFileReference; lastKnownFileType = sourcecode.c.h; path = niukewang.h; sourceTree = "<group>"; };
		AF3D6736271FCA7000AA6B8B /* niukewang.m */ = {isa = PBXFileReference; lastKnownFileType = sourcecode.c.objc; path = niukewang.m; sourceTree = "<group>"; };
		AFC744E6263A5D3A00C5B96A /* ViewController.swift */ = {isa = PBXFileReference; fileEncoding = 4; lastKnownFileType = sourcecode.swift; path = ViewController.swift; sourceTree = "<group>"; };
		AFC744E7263A5D3A00C5B96A /* LastOneOmg.swift */ = {isa = PBXFileReference; fileEncoding = 4; lastKnownFileType = sourcecode.swift; path = LastOneOmg.swift; sourceTree = "<group>"; };
		AFC744E8263A5D3A00C5B96A /* Hundred.swift */ = {isa = PBXFileReference; fileEncoding = 4; lastKnownFileType = sourcecode.swift; path = Hundred.swift; sourceTree = "<group>"; };
		AFC744E9263A5D3A00C5B96A /* lifeCycle.swift */ = {isa = PBXFileReference; fileEncoding = 4; lastKnownFileType = sourcecode.swift; path = lifeCycle.swift; sourceTree = "<group>"; };
		AFC744EA263A5D3A00C5B96A /* maybe.swift */ = {isa = PBXFileReference; fileEncoding = 4; lastKnownFileType = sourcecode.swift; path = maybe.swift; sourceTree = "<group>"; };
		AFC744EB263A5D3A00C5B96A /* Another.swift */ = {isa = PBXFileReference; fileEncoding = 4; lastKnownFileType = sourcecode.swift; path = Another.swift; sourceTree = "<group>"; };
		AFC744EC263A5D3A00C5B96A /* whatever.swift */ = {isa = PBXFileReference; fileEncoding = 4; lastKnownFileType = sourcecode.swift; path = whatever.swift; sourceTree = "<group>"; };
		AFC744EE263A5D3A00C5B96A /* 2021Reload.swift */ = {isa = PBXFileReference; fileEncoding = 4; lastKnownFileType = sourcecode.swift; path = 2021Reload.swift; sourceTree = "<group>"; };
/* End PBXFileReference section */

/* Begin PBXFrameworksBuildPhase section */
		7489E2BA1CBE2E3900CB3A5A /* Frameworks */ = {
			isa = PBXFrameworksBuildPhase;
			buildActionMask = 2147483647;
			files = (
			);
			runOnlyForDeploymentPostprocessing = 0;
		};
		7489E2CE1CBE2E3A00CB3A5A /* Frameworks */ = {
			isa = PBXFrameworksBuildPhase;
			buildActionMask = 2147483647;
			files = (
			);
			runOnlyForDeploymentPostprocessing = 0;
		};
		7489E2D91CBE2E3A00CB3A5A /* Frameworks */ = {
			isa = PBXFrameworksBuildPhase;
			buildActionMask = 2147483647;
			files = (
			);
			runOnlyForDeploymentPostprocessing = 0;
		};
/* End PBXFrameworksBuildPhase section */

/* Begin PBXGroup section */
		7489E2B41CBE2E3900CB3A5A = {
			isa = PBXGroup;
			children = (
				7489E2BF1CBE2E3900CB3A5A /* LeetCode */,
				7489E2D41CBE2E3A00CB3A5A /* LeetCodeTests */,
				7489E2DF1CBE2E3A00CB3A5A /* LeetCodeUITests */,
				7489E2BE1CBE2E3900CB3A5A /* Products */,
			);
			sourceTree = "<group>";
		};
		7489E2BE1CBE2E3900CB3A5A /* Products */ = {
			isa = PBXGroup;
			children = (
				7489E2BD1CBE2E3900CB3A5A /* LeetCode.app */,
				7489E2D11CBE2E3A00CB3A5A /* LeetCodeTests.xctest */,
				7489E2DC1CBE2E3A00CB3A5A /* LeetCodeUITests.xctest */,
			);
			name = Products;
			sourceTree = "<group>";
		};
		7489E2BF1CBE2E3900CB3A5A /* LeetCode */ = {
			isa = PBXGroup;
			children = (
				AFC744E5263A5D3A00C5B96A /* 16Y */,
				AFC744ED263A5D3A00C5B96A /* 21Y */,
				7489E2C01CBE2E3900CB3A5A /* AppDelegate.swift */,
				AF3D6735271FCA7000AA6B8B /* niukewang.h */,
				AF3D6736271FCA7000AA6B8B /* niukewang.m */,
				7489E2C71CBE2E3900CB3A5A /* Assets.xcassets */,
				7489E2C91CBE2E3900CB3A5A /* LaunchScreen.storyboard */,
				7489E2CC1CBE2E3900CB3A5A /* Info.plist */,
				7489E2C41CBE2E3900CB3A5A /* Main.storyboard */,
				AF3D6734271FCA6C00AA6B8B /* LeetCode-Bridging-Header.h */,
			);
			path = LeetCode;
			sourceTree = "<group>";
		};
		7489E2D41CBE2E3A00CB3A5A /* LeetCodeTests */ = {
			isa = PBXGroup;
			children = (
				7489E2D51CBE2E3A00CB3A5A /* LeetCodeTests.swift */,
				7489E2D71CBE2E3A00CB3A5A /* Info.plist */,
			);
			path = LeetCodeTests;
			sourceTree = "<group>";
		};
		7489E2DF1CBE2E3A00CB3A5A /* LeetCodeUITests */ = {
			isa = PBXGroup;
			children = (
				7489E2E01CBE2E3A00CB3A5A /* LeetCodeUITests.swift */,
				7489E2E21CBE2E3A00CB3A5A /* Info.plist */,
			);
			path = LeetCodeUITests;
			sourceTree = "<group>";
		};
		AFC744E5263A5D3A00C5B96A /* 16Y */ = {
			isa = PBXGroup;
			children = (
				AFC744E6263A5D3A00C5B96A /* ViewController.swift */,
				AFC744E7263A5D3A00C5B96A /* LastOneOmg.swift */,
				AFC744E8263A5D3A00C5B96A /* Hundred.swift */,
				AFC744E9263A5D3A00C5B96A /* lifeCycle.swift */,
				AFC744EA263A5D3A00C5B96A /* maybe.swift */,
				AFC744EB263A5D3A00C5B96A /* Another.swift */,
				AFC744EC263A5D3A00C5B96A /* whatever.swift */,
			);
			path = 16Y;
			sourceTree = "<group>";
		};
		AFC744ED263A5D3A00C5B96A /* 21Y */ = {
			isa = PBXGroup;
			children = (
				AFC744EE263A5D3A00C5B96A /* 2021Reload.swift */,
			);
			path = 21Y;
			sourceTree = "<group>";
		};
/* End PBXGroup section */

/* Begin PBXNativeTarget section */
		7489E2BC1CBE2E3900CB3A5A /* LeetCode */ = {
			isa = PBXNativeTarget;
			buildConfigurationList = 7489E2E51CBE2E3A00CB3A5A /* Build configuration list for PBXNativeTarget "LeetCode" */;
			buildPhases = (
				7489E2B91CBE2E3900CB3A5A /* Sources */,
				7489E2BA1CBE2E3900CB3A5A /* Frameworks */,
				7489E2BB1CBE2E3900CB3A5A /* Resources */,
			);
			buildRules = (
			);
			dependencies = (
			);
			name = LeetCode;
			productName = LeetCode;
			productReference = 7489E2BD1CBE2E3900CB3A5A /* LeetCode.app */;
			productType = "com.apple.product-type.application";
		};
		7489E2D01CBE2E3A00CB3A5A /* LeetCodeTests */ = {
			isa = PBXNativeTarget;
			buildConfigurationList = 7489E2E81CBE2E3A00CB3A5A /* Build configuration list for PBXNativeTarget "LeetCodeTests" */;
			buildPhases = (
				7489E2CD1CBE2E3A00CB3A5A /* Sources */,
				7489E2CE1CBE2E3A00CB3A5A /* Frameworks */,
				7489E2CF1CBE2E3A00CB3A5A /* Resources */,
			);
			buildRules = (
			);
			dependencies = (
				7489E2D31CBE2E3A00CB3A5A /* PBXTargetDependency */,
			);
			name = LeetCodeTests;
			productName = LeetCodeTests;
			productReference = 7489E2D11CBE2E3A00CB3A5A /* LeetCodeTests.xctest */;
			productType = "com.apple.product-type.bundle.unit-test";
		};
		7489E2DB1CBE2E3A00CB3A5A /* LeetCodeUITests */ = {
			isa = PBXNativeTarget;
			buildConfigurationList = 7489E2EB1CBE2E3A00CB3A5A /* Build configuration list for PBXNativeTarget "LeetCodeUITests" */;
			buildPhases = (
				7489E2D81CBE2E3A00CB3A5A /* Sources */,
				7489E2D91CBE2E3A00CB3A5A /* Frameworks */,
				7489E2DA1CBE2E3A00CB3A5A /* Resources */,
			);
			buildRules = (
			);
			dependencies = (
				7489E2DE1CBE2E3A00CB3A5A /* PBXTargetDependency */,
			);
			name = LeetCodeUITests;
			productName = LeetCodeUITests;
			productReference = 7489E2DC1CBE2E3A00CB3A5A /* LeetCodeUITests.xctest */;
			productType = "com.apple.product-type.bundle.ui-testing";
		};
/* End PBXNativeTarget section */

/* Begin PBXProject section */
		7489E2B51CBE2E3900CB3A5A /* Project object */ = {
			isa = PBXProject;
			attributes = {
				LastSwiftUpdateCheck = 0730;
				LastUpgradeCheck = 0730;
				ORGANIZATIONNAME = ChenYingPing;
				TargetAttributes = {
					7489E2BC1CBE2E3900CB3A5A = {
						CreatedOnToolsVersion = 7.3;
						LastSwiftMigration = 1250;
					};
					7489E2D01CBE2E3A00CB3A5A = {
						CreatedOnToolsVersion = 7.3;
						TestTargetID = 7489E2BC1CBE2E3900CB3A5A;
					};
					7489E2DB1CBE2E3A00CB3A5A = {
						CreatedOnToolsVersion = 7.3;
						TestTargetID = 7489E2BC1CBE2E3900CB3A5A;
					};
				};
			};
			buildConfigurationList = 7489E2B81CBE2E3900CB3A5A /* Build configuration list for PBXProject "LeetCode" */;
			compatibilityVersion = "Xcode 3.2";
			developmentRegion = English;
			hasScannedForEncodings = 0;
			knownRegions = (
				English,
				en,
				Base,
			);
			mainGroup = 7489E2B41CBE2E3900CB3A5A;
			productRefGroup = 7489E2BE1CBE2E3900CB3A5A /* Products */;
			projectDirPath = "";
			projectRoot = "";
			targets = (
				7489E2BC1CBE2E3900CB3A5A /* LeetCode */,
				7489E2D01CBE2E3A00CB3A5A /* LeetCodeTests */,
				7489E2DB1CBE2E3A00CB3A5A /* LeetCodeUITests */,
			);
		};
/* End PBXProject section */

/* Begin PBXResourcesBuildPhase section */
		7489E2BB1CBE2E3900CB3A5A /* Resources */ = {
			isa = PBXResourcesBuildPhase;
			buildActionMask = 2147483647;
			files = (
				7489E2CB1CBE2E3900CB3A5A /* LaunchScreen.storyboard in Resources */,
				7489E2C81CBE2E3900CB3A5A /* Assets.xcassets in Resources */,
				7489E2C61CBE2E3900CB3A5A /* Main.storyboard in Resources */,
			);
			runOnlyForDeploymentPostprocessing = 0;
		};
		7489E2CF1CBE2E3A00CB3A5A /* Resources */ = {
			isa = PBXResourcesBuildPhase;
			buildActionMask = 2147483647;
			files = (
			);
			runOnlyForDeploymentPostprocessing = 0;
		};
		7489E2DA1CBE2E3A00CB3A5A /* Resources */ = {
			isa = PBXResourcesBuildPhase;
			buildActionMask = 2147483647;
			files = (
			);
			runOnlyForDeploymentPostprocessing = 0;
		};
/* End PBXResourcesBuildPhase section */

/* Begin PBXSourcesBuildPhase section */
		7489E2B91CBE2E3900CB3A5A /* Sources */ = {
			isa = PBXSourcesBuildPhase;
			buildActionMask = 2147483647;
			files = (
				AFC744F0263A5D3A00C5B96A /* LastOneOmg.swift in Sources */,
				AFC744EF263A5D3A00C5B96A /* ViewController.swift in Sources */,
				AFC744F4263A5D3A00C5B96A /* Another.swift in Sources */,
				AF3D6737271FCA7000AA6B8B /* niukewang.m in Sources */,
				AFC744F3263A5D3A00C5B96A /* maybe.swift in Sources */,
				AFC744F2263A5D3A00C5B96A /* lifeCycle.swift in Sources */,
				AFC744F1263A5D3A00C5B96A /* Hundred.swift in Sources */,
				7489E2C11CBE2E3900CB3A5A /* AppDelegate.swift in Sources */,
				AFC744F6263A5D3A00C5B96A /* 2021Reload.swift in Sources */,
				AFC744F5263A5D3A00C5B96A /* whatever.swift in Sources */,
			);
			runOnlyForDeploymentPostprocessing = 0;
		};
		7489E2CD1CBE2E3A00CB3A5A /* Sources */ = {
			isa = PBXSourcesBuildPhase;
			buildActionMask = 2147483647;
			files = (
				7489E2D61CBE2E3A00CB3A5A /* LeetCodeTests.swift in Sources */,
			);
			runOnlyForDeploymentPostprocessing = 0;
		};
		7489E2D81CBE2E3A00CB3A5A /* Sources */ = {
			isa = PBXSourcesBuildPhase;
			buildActionMask = 2147483647;
			files = (
				7489E2E11CBE2E3A00CB3A5A /* LeetCodeUITests.swift in Sources */,
			);
			runOnlyForDeploymentPostprocessing = 0;
		};
/* End PBXSourcesBuildPhase section */

/* Begin PBXTargetDependency section */
		7489E2D31CBE2E3A00CB3A5A /* PBXTargetDependency */ = {
			isa = PBXTargetDependency;
			target = 7489E2BC1CBE2E3900CB3A5A /* LeetCode */;
			targetProxy = 7489E2D21CBE2E3A00CB3A5A /* PBXContainerItemProxy */;
		};
		7489E2DE1CBE2E3A00CB3A5A /* PBXTargetDependency */ = {
			isa = PBXTargetDependency;
			target = 7489E2BC1CBE2E3900CB3A5A /* LeetCode */;
			targetProxy = 7489E2DD1CBE2E3A00CB3A5A /* PBXContainerItemProxy */;
		};
/* End PBXTargetDependency section */

/* Begin PBXVariantGroup section */
		7489E2C41CBE2E3900CB3A5A /* Main.storyboard */ = {
			isa = PBXVariantGroup;
			children = (
				7489E2C51CBE2E3900CB3A5A /* Base */,
			);
			name = Main.storyboard;
			sourceTree = "<group>";
		};
		7489E2C91CBE2E3900CB3A5A /* LaunchScreen.storyboard */ = {
			isa = PBXVariantGroup;
			children = (
				7489E2CA1CBE2E3900CB3A5A /* Base */,
			);
			name = LaunchScreen.storyboard;
			sourceTree = "<group>";
		};
/* End PBXVariantGroup section */

/* Begin XCBuildConfiguration section */
		7489E2E31CBE2E3A00CB3A5A /* Debug */ = {
			isa = XCBuildConfiguration;
			buildSettings = {
				ALWAYS_SEARCH_USER_PATHS = NO;
				CLANG_ANALYZER_NONNULL = YES;
				CLANG_CXX_LANGUAGE_STANDARD = "gnu++0x";
				CLANG_CXX_LIBRARY = "libc++";
				CLANG_ENABLE_MODULES = YES;
				CLANG_ENABLE_OBJC_ARC = YES;
				CLANG_WARN_BOOL_CONVERSION = YES;
				CLANG_WARN_CONSTANT_CONVERSION = YES;
				CLANG_WARN_DIRECT_OBJC_ISA_USAGE = YES_ERROR;
				CLANG_WARN_EMPTY_BODY = YES;
				CLANG_WARN_ENUM_CONVERSION = YES;
				CLANG_WARN_INT_CONVERSION = YES;
				CLANG_WARN_OBJC_ROOT_CLASS = YES_ERROR;
				CLANG_WARN_UNREACHABLE_CODE = YES;
				CLANG_WARN__DUPLICATE_METHOD_MATCH = YES;
				"CODE_SIGN_IDENTITY[sdk=iphoneos*]" = "iPhone Developer";
				COPY_PHASE_STRIP = NO;
				DEBUG_INFORMATION_FORMAT = dwarf;
				ENABLE_STRICT_OBJC_MSGSEND = YES;
				ENABLE_TESTABILITY = YES;
				GCC_C_LANGUAGE_STANDARD = gnu99;
				GCC_DYNAMIC_NO_PIC = NO;
				GCC_NO_COMMON_BLOCKS = YES;
				GCC_OPTIMIZATION_LEVEL = 0;
				GCC_PREPROCESSOR_DEFINITIONS = (
					"DEBUG=1",
					"$(inherited)",
				);
				GCC_WARN_64_TO_32_BIT_CONVERSION = YES;
				GCC_WARN_ABOUT_RETURN_TYPE = YES_ERROR;
				GCC_WARN_UNDECLARED_SELECTOR = YES;
				GCC_WARN_UNINITIALIZED_AUTOS = YES_AGGRESSIVE;
				GCC_WARN_UNUSED_FUNCTION = YES;
				GCC_WARN_UNUSED_VARIABLE = YES;
				IPHONEOS_DEPLOYMENT_TARGET = 9.3;
				MTL_ENABLE_DEBUG_INFO = YES;
				ONLY_ACTIVE_ARCH = YES;
				SDKROOT = iphoneos;
				SWIFT_OPTIMIZATION_LEVEL = "-Onone";
				SWIFT_VERSION = 5.0;
			};
			name = Debug;
		};
		7489E2E41CBE2E3A00CB3A5A /* Release */ = {
			isa = XCBuildConfiguration;
			buildSettings = {
				ALWAYS_SEARCH_USER_PATHS = NO;
				CLANG_ANALYZER_NONNULL = YES;
				CLANG_CXX_LANGUAGE_STANDARD = "gnu++0x";
				CLANG_CXX_LIBRARY = "libc++";
				CLANG_ENABLE_MODULES = YES;
				CLANG_ENABLE_OBJC_ARC = YES;
				CLANG_WARN_BOOL_CONVERSION = YES;
				CLANG_WARN_CONSTANT_CONVERSION = YES;
				CLANG_WARN_DIRECT_OBJC_ISA_USAGE = YES_ERROR;
				CLANG_WARN_EMPTY_BODY = YES;
				CLANG_WARN_ENUM_CONVERSION = YES;
				CLANG_WARN_INT_CONVERSION = YES;
				CLANG_WARN_OBJC_ROOT_CLASS = YES_ERROR;
				CLANG_WARN_UNREACHABLE_CODE = YES;
				CLANG_WARN__DUPLICATE_METHOD_MATCH = YES;
				"CODE_SIGN_IDENTITY[sdk=iphoneos*]" = "iPhone Developer";
				COPY_PHASE_STRIP = NO;
				DEBUG_INFORMATION_FORMAT = "dwarf-with-dsym";
				ENABLE_NS_ASSERTIONS = NO;
				ENABLE_STRICT_OBJC_MSGSEND = YES;
				GCC_C_LANGUAGE_STANDARD = gnu99;
				GCC_NO_COMMON_BLOCKS = YES;
				GCC_WARN_64_TO_32_BIT_CONVERSION = YES;
				GCC_WARN_ABOUT_RETURN_TYPE = YES_ERROR;
				GCC_WARN_UNDECLARED_SELECTOR = YES;
				GCC_WARN_UNINITIALIZED_AUTOS = YES_AGGRESSIVE;
				GCC_WARN_UNUSED_FUNCTION = YES;
				GCC_WARN_UNUSED_VARIABLE = YES;
				IPHONEOS_DEPLOYMENT_TARGET = 9.3;
				MTL_ENABLE_DEBUG_INFO = NO;
				SDKROOT = iphoneos;
				SWIFT_VERSION = 5.0;
				VALIDATE_PRODUCT = YES;
			};
			name = Release;
		};
		7489E2E61CBE2E3A00CB3A5A /* Debug */ = {
			isa = XCBuildConfiguration;
			buildSettings = {
				ASSETCATALOG_COMPILER_APPICON_NAME = AppIcon;
				CLANG_ENABLE_MODULES = YES;
				CODE_SIGN_IDENTITY = "iPhone Developer";
				INFOPLIST_FILE = LeetCode/Info.plist;
				LD_RUNPATH_SEARCH_PATHS = "$(inherited) @executable_path/Frameworks";
				PRODUCT_BUNDLE_IDENTIFIER = com.yx.www.LeetCode;
				PRODUCT_NAME = "$(TARGET_NAME)";
				SWIFT_OBJC_BRIDGING_HEADER = "LeetCode/LeetCode-Bridging-Header.h";
				SWIFT_OPTIMIZATION_LEVEL = "-Onone";
				SWIFT_VERSION = 5.0;
			};
			name = Debug;
		};
		7489E2E71CBE2E3A00CB3A5A /* Release */ = {
			isa = XCBuildConfiguration;
			buildSettings = {
				ASSETCATALOG_COMPILER_APPICON_NAME = AppIcon;
				CLANG_ENABLE_MODULES = YES;
				CODE_SIGN_IDENTITY = "iPhone Developer";
				INFOPLIST_FILE = LeetCode/Info.plist;
				LD_RUNPATH_SEARCH_PATHS = "$(inherited) @executable_path/Frameworks";
				PRODUCT_BUNDLE_IDENTIFIER = com.yx.www.LeetCode;
				PRODUCT_NAME = "$(TARGET_NAME)";
				SWIFT_OBJC_BRIDGING_HEADER = "LeetCode/LeetCode-Bridging-Header.h";
				SWIFT_VERSION = 5.0;
			};
			name = Release;
		};
		7489E2E91CBE2E3A00CB3A5A /* Debug */ = {
			isa = XCBuildConfiguration;
			buildSettings = {
				BUNDLE_LOADER = "$(TEST_HOST)";
				INFOPLIST_FILE = LeetCodeTests/Info.plist;
				LD_RUNPATH_SEARCH_PATHS = "$(inherited) @executable_path/Frameworks @loader_path/Frameworks";
				PRODUCT_BUNDLE_IDENTIFIER = com.yx.www.LeetCodeTests;
				PRODUCT_NAME = "$(TARGET_NAME)";
				SWIFT_VERSION = 5.0;
				TEST_HOST = "$(BUILT_PRODUCTS_DIR)/LeetCode.app/LeetCode";
			};
			name = Debug;
		};
		7489E2EA1CBE2E3A00CB3A5A /* Release */ = {
			isa = XCBuildConfiguration;
			buildSettings = {
				BUNDLE_LOADER = "$(TEST_HOST)";
				INFOPLIST_FILE = LeetCodeTests/Info.plist;
				LD_RUNPATH_SEARCH_PATHS = "$(inherited) @executable_path/Frameworks @loader_path/Frameworks";
				PRODUCT_BUNDLE_IDENTIFIER = com.yx.www.LeetCodeTests;
				PRODUCT_NAME = "$(TARGET_NAME)";
				SWIFT_VERSION = 5.0;
				TEST_HOST = "$(BUILT_PRODUCTS_DIR)/LeetCode.app/LeetCode";
			};
			name = Release;
		};
		7489E2EC1CBE2E3A00CB3A5A /* Debug */ = {
			isa = XCBuildConfiguration;
			buildSettings = {
				INFOPLIST_FILE = LeetCodeUITests/Info.plist;
				LD_RUNPATH_SEARCH_PATHS = "$(inherited) @executable_path/Frameworks @loader_path/Frameworks";
				PRODUCT_BUNDLE_IDENTIFIER = com.yx.www.LeetCodeUITests;
				PRODUCT_NAME = "$(TARGET_NAME)";
				SWIFT_VERSION = 5.0;
				TEST_TARGET_NAME = LeetCode;
			};
			name = Debug;
		};
		7489E2ED1CBE2E3A00CB3A5A /* Release */ = {
			isa = XCBuildConfiguration;
			buildSettings = {
				INFOPLIST_FILE = LeetCodeUITests/Info.plist;
				LD_RUNPATH_SEARCH_PATHS = "$(inherited) @executable_path/Frameworks @loader_path/Frameworks";
				PRODUCT_BUNDLE_IDENTIFIER = com.yx.www.LeetCodeUITests;
				PRODUCT_NAME = "$(TARGET_NAME)";
				SWIFT_VERSION = 5.0;
				TEST_TARGET_NAME = LeetCode;
			};
			name = Release;
		};
/* End XCBuildConfiguration section */

/* Begin XCConfigurationList section */
		7489E2B81CBE2E3900CB3A5A /* Build configuration list for PBXProject "LeetCode" */ = {
			isa = XCConfigurationList;
			buildConfigurations = (
				7489E2E31CBE2E3A00CB3A5A /* Debug */,
				7489E2E41CBE2E3A00CB3A5A /* Release */,
			);
			defaultConfigurationIsVisible = 0;
			defaultConfigurationName = Release;
		};
		7489E2E51CBE2E3A00CB3A5A /* Build configuration list for PBXNativeTarget "LeetCode" */ = {
			isa = XCConfigurationList;
			buildConfigurations = (
				7489E2E61CBE2E3A00CB3A5A /* Debug */,
				7489E2E71CBE2E3A00CB3A5A /* Release */,
			);
			defaultConfigurationIsVisible = 0;
			defaultConfigurationName = Release;
		};
		7489E2E81CBE2E3A00CB3A5A /* Build configuration list for PBXNativeTarget "LeetCodeTests" */ = {
			isa = XCConfigurationList;
			buildConfigurations = (
				7489E2E91CBE2E3A00CB3A5A /* Debug */,
				7489E2EA1CBE2E3A00CB3A5A /* Release */,
			);
			defaultConfigurationIsVisible = 0;
			defaultConfigurationName = Release;
		};
		7489E2EB1CBE2E3A00CB3A5A /* Build configuration list for PBXNativeTarget "LeetCodeUITests" */ = {
			isa = XCConfigurationList;
			buildConfigurations = (
				7489E2EC1CBE2E3A00CB3A5A /* Debug */,
				7489E2ED1CBE2E3A00CB3A5A /* Release */,
			);
			defaultConfigurationIsVisible = 0;
			defaultConfigurationName = Release;
		};
/* End XCConfigurationList section */
	};
	rootObject = 7489E2B51CBE2E3900CB3A5A /* Project object */;
}
